<Solution>
  <Project Path="Unity.Cinemachine.Editor.csproj" />
  <Project Path="Boxophobic.Utils.Editor.csproj" />
  <Project Path="Unity.Cinemachine.csproj" />
  <Project Path="AssemblyDef.csproj" />
  <Project Path="LeanTween.csproj" />
  <Project Path="Boxophobic.SkyboxCubemapExtended.Editor.csproj" />
  <Project Path="Boxophobic.Utils.Scripts.csproj" />
  <Project Path="Assembly-CSharp-Editor.csproj" />
  <Project Path="Assembly-CSharp.csproj" />
</Solution>
